// !$*UTF8*$!
{
	archiveVersion = 1;
	classes = {
	};
	objectVersion = 50;
	objects = {

/* Begin PBXBuildFile section */
		4FC19308264E47420060E852 /* AppDelegate.swift in Sources */ = {isa = PBXBuildFile; fileRef = 4FC19307264E47420060E852 /* AppDelegate.swift */; };
		4FC1930A264E47420060E852 /* SceneDelegate.swift in Sources */ = {isa = PBXBuildFile; fileRef = 4FC19309264E47420060E852 /* SceneDelegate.swift */; };
		4FC19311264E47450060E852 /* Assets.xcassets in Resources */ = {isa = PBXBuildFile; fileRef = 4FC19310264E47450060E852 /* Assets.xcassets */; };
		4FC19314264E47450060E852 /* LaunchScreen.storyboard in Resources */ = {isa = PBXBuildFile; fileRef = 4FC19312264E47450060E852 /* LaunchScreen.storyboard */; };
		4FC1931F264E47450060E852 /* FlickrSearchTests.swift in Sources */ = {isa = PBXBuildFile; fileRef = 4FC1931E264E47450060E852 /* FlickrSearchTests.swift */; };
		4FC1932A264E47450060E852 /* FlickrSearchUITests.swift in Sources */ = {isa = PBXBuildFile; fileRef = 4FC19329264E47450060E852 /* FlickrSearchUITests.swift */; };
		4FC19359264E603F0060E852 /* PhotoSearchViewController.swift in Sources */ = {isa = PBXBuildFile; fileRef = 4FC19358264E603F0060E852 /* PhotoSearchViewController.swift */; };
		4FC19365264E66E30060E852 /* PictureCell.swift in Sources */ = {isa = PBXBuildFile; fileRef = 4FC19364264E66E30060E852 /* PictureCell.swift */; };
		4FC1936D264E69F50060E852 /* PhotoSearchWireframe.swift in Sources */ = {isa = PBXBuildFile; fileRef = 4FC1936C264E69F50060E852 /* PhotoSearchWireframe.swift */; };
		4FC19372264E6AFF0060E852 /* PhotoSearchPresenter.swift in Sources */ = {isa = PBXBuildFile; fileRef = 4FC19371264E6AFF0060E852 /* PhotoSearchPresenter.swift */; };
		4FC1937D264E6C0E0060E852 /* PhotoSearchProtocol.swift in Sources */ = {isa = PBXBuildFile; fileRef = 4FC1937C264E6C0E0060E852 /* PhotoSearchProtocol.swift */; };
		4FC19382264E70070060E852 /* PhotoSearchInteractor.swift in Sources */ = {isa = PBXBuildFile; fileRef = 4FC19381264E70070060E852 /* PhotoSearchInteractor.swift */; };
		4FC19387264E70C90060E852 /* PhotoSearchRepository.swift in Sources */ = {isa = PBXBuildFile; fileRef = 4FC19386264E70C90060E852 /* PhotoSearchRepository.swift */; };
		4FC1938D264E712F0060E852 /* WebService.swift in Sources */ = {isa = PBXBuildFile; fileRef = 4FC1938C264E712F0060E852 /* WebService.swift */; };
		4FC19396264E73F70060E852 /* Reachability.swift in Sources */ = {isa = PBXBuildFile; fileRef = 4FC19395264E73F70060E852 /* Reachability.swift */; };
		4FC193A7264E7DAC0060E852 /* CellIdentifier.swift in Sources */ = {isa = PBXBuildFile; fileRef = 4FC193A6264E7DAC0060E852 /* CellIdentifier.swift */; };
/* End PBXBuildFile section */

/* Begin PBXContainerItemProxy section */
		4FC1931B264E47450060E852 /* PBXContainerItemProxy */ = {
			isa = PBXContainerItemProxy;
			containerPortal = 4FC192FC264E47420060E852 /* Project object */;
			proxyType = 1;
			remoteGlobalIDString = 4FC19303264E47420060E852;
			remoteInfo = FlickrSearch;
		};
		4FC19326264E47450060E852 /* PBXContainerItemProxy */ = {
			isa = PBXContainerItemProxy;
			containerPortal = 4FC192FC264E47420060E852 /* Project object */;
			proxyType = 1;
			remoteGlobalIDString = 4FC19303264E47420060E852;
			remoteInfo = FlickrSearch;
		};
/* End PBXContainerItemProxy section */

/* Begin PBXFileReference section */
		4FC19304264E47420060E852 /* FlickrSearch.app */ = {isa = PBXFileReference; explicitFileType = wrapper.application; includeInIndex = 0; path = FlickrSearch.app; sourceTree = BUILT_PRODUCTS_DIR; };
		4FC19307264E47420060E852 /* AppDelegate.swift */ = {isa = PBXFileReference; lastKnownFileType = sourcecode.swift; path = AppDelegate.swift; sourceTree = "<group>"; };
		4FC19309264E47420060E852 /* SceneDelegate.swift */ = {isa = PBXFileReference; lastKnownFileType = sourcecode.swift; path = SceneDelegate.swift; sourceTree = "<group>"; };
		4FC19310264E47450060E852 /* Assets.xcassets */ = {isa = PBXFileReference; lastKnownFileType = folder.assetcatalog; path = Assets.xcassets; sourceTree = "<group>"; };
		4FC19313264E47450060E852 /* Base */ = {isa = PBXFileReference; lastKnownFileType = file.storyboard; name = Base; path = Base.lproj/LaunchScreen.storyboard; sourceTree = "<group>"; };
		4FC19315264E47450060E852 /* Info.plist */ = {isa = PBXFileReference; lastKnownFileType = text.plist.xml; path = Info.plist; sourceTree = "<group>"; };
		4FC1931A264E47450060E852 /* FlickrSearchTests.xctest */ = {isa = PBXFileReference; explicitFileType = wrapper.cfbundle; includeInIndex = 0; path = FlickrSearchTests.xctest; sourceTree = BUILT_PRODUCTS_DIR; };
		4FC1931E264E47450060E852 /* FlickrSearchTests.swift */ = {isa = PBXFileReference; lastKnownFileType = sourcecode.swift; path = FlickrSearchTests.swift; sourceTree = "<group>"; };
		4FC19320264E47450060E852 /* Info.plist */ = {isa = PBXFileReference; lastKnownFileType = text.plist.xml; path = Info.plist; sourceTree = "<group>"; };
		4FC19325264E47450060E852 /* FlickrSearchUITests.xctest */ = {isa = PBXFileReference; explicitFileType = wrapper.cfbundle; includeInIndex = 0; path = FlickrSearchUITests.xctest; sourceTree = BUILT_PRODUCTS_DIR; };
		4FC19329264E47450060E852 /* FlickrSearchUITests.swift */ = {isa = PBXFileReference; lastKnownFileType = sourcecode.swift; path = FlickrSearchUITests.swift; sourceTree = "<group>"; };
		4FC1932B264E47450060E852 /* Info.plist */ = {isa = PBXFileReference; lastKnownFileType = text.plist.xml; path = Info.plist; sourceTree = "<group>"; };
		4FC19358264E603F0060E852 /* PhotoSearchViewController.swift */ = {isa = PBXFileReference; lastKnownFileType = sourcecode.swift; path = PhotoSearchViewController.swift; sourceTree = "<group>"; };
		4FC19364264E66E30060E852 /* PictureCell.swift */ = {isa = PBXFileReference; lastKnownFileType = sourcecode.swift; path = PictureCell.swift; sourceTree = "<group>"; };
		4FC1936C264E69F50060E852 /* PhotoSearchWireframe.swift */ = {isa = PBXFileReference; lastKnownFileType = sourcecode.swift; path = PhotoSearchWireframe.swift; sourceTree = "<group>"; };
		4FC19371264E6AFF0060E852 /* PhotoSearchPresenter.swift */ = {isa = PBXFileReference; lastKnownFileType = sourcecode.swift; path = PhotoSearchPresenter.swift; sourceTree = "<group>"; };
		4FC1937C264E6C0E0060E852 /* PhotoSearchProtocol.swift */ = {isa = PBXFileReference; lastKnownFileType = sourcecode.swift; path = PhotoSearchProtocol.swift; sourceTree = "<group>"; };
		4FC19381264E70070060E852 /* PhotoSearchInteractor.swift */ = {isa = PBXFileReference; lastKnownFileType = sourcecode.swift; path = PhotoSearchInteractor.swift; sourceTree = "<group>"; };
		4FC19386264E70C90060E852 /* PhotoSearchRepository.swift */ = {isa = PBXFileReference; lastKnownFileType = sourcecode.swift; path = PhotoSearchRepository.swift; sourceTree = "<group>"; };
		4FC1938C264E712F0060E852 /* WebService.swift */ = {isa = PBXFileReference; lastKnownFileType = sourcecode.swift; path = WebService.swift; sourceTree = "<group>"; };
		4FC19395264E73F70060E852 /* Reachability.swift */ = {isa = PBXFileReference; lastKnownFileType = sourcecode.swift; path = Reachability.swift; sourceTree = "<group>"; };
		4FC193A6264E7DAC0060E852 /* CellIdentifier.swift */ = {isa = PBXFileReference; lastKnownFileType = sourcecode.swift; path = CellIdentifier.swift; sourceTree = "<group>"; };
/* End PBXFileReference section */

/* Begin PBXFrameworksBuildPhase section */
		4FC19301264E47420060E852 /* Frameworks */ = {
			isa = PBXFrameworksBuildPhase;
			buildActionMask = 2147483647;
			files = (
			);
			runOnlyForDeploymentPostprocessing = 0;
		};
		4FC19317264E47450060E852 /* Frameworks */ = {
			isa = PBXFrameworksBuildPhase;
			buildActionMask = 2147483647;
			files = (
			);
			runOnlyForDeploymentPostprocessing = 0;
		};
		4FC19322264E47450060E852 /* Frameworks */ = {
			isa = PBXFrameworksBuildPhase;
			buildActionMask = 2147483647;
			files = (
			);
			runOnlyForDeploymentPostprocessing = 0;
		};
/* End PBXFrameworksBuildPhase section */

/* Begin PBXGroup section */
		4FC192FB264E47420060E852 = {
			isa = PBXGroup;
			children = (
				4FC19306264E47420060E852 /* FlickrSearch */,
				4FC1931D264E47450060E852 /* FlickrSearchTests */,
				4FC19328264E47450060E852 /* FlickrSearchUITests */,
				4FC19305264E47420060E852 /* Products */,
			);
			sourceTree = "<group>";
		};
		4FC19305264E47420060E852 /* Products */ = {
			isa = PBXGroup;
			children = (
				4FC19304264E47420060E852 /* FlickrSearch.app */,
				4FC1931A264E47450060E852 /* FlickrSearchTests.xctest */,
				4FC19325264E47450060E852 /* FlickrSearchUITests.xctest */,
			);
			name = Products;
			sourceTree = "<group>";
		};
		4FC19306264E47420060E852 /* FlickrSearch */ = {
			isa = PBXGroup;
			children = (
				4FC19342264E523A0060E852 /* Classes */,
				4FC19310264E47450060E852 /* Assets.xcassets */,
				4FC19312264E47450060E852 /* LaunchScreen.storyboard */,
				4FC19315264E47450060E852 /* Info.plist */,
			);
			path = FlickrSearch;
			sourceTree = "<group>";
		};
		4FC1931D264E47450060E852 /* FlickrSearchTests */ = {
			isa = PBXGroup;
			children = (
				4FC1931E264E47450060E852 /* FlickrSearchTests.swift */,
				4FC19320264E47450060E852 /* Info.plist */,
			);
			path = FlickrSearchTests;
			sourceTree = "<group>";
		};
		4FC19328264E47450060E852 /* FlickrSearchUITests */ = {
			isa = PBXGroup;
			children = (
				4FC19329264E47450060E852 /* FlickrSearchUITests.swift */,
				4FC1932B264E47450060E852 /* Info.plist */,
			);
			path = FlickrSearchUITests;
			sourceTree = "<group>";
		};
		4FC1933B264E51640060E852 /* Application Delegate */ = {
			isa = PBXGroup;
			children = (
				4FC19309264E47420060E852 /* SceneDelegate.swift */,
				4FC19307264E47420060E852 /* AppDelegate.swift */,
			);
			path = "Application Delegate";
			sourceTree = "<group>";
		};
		4FC19342264E523A0060E852 /* Classes */ = {
			isa = PBXGroup;
			children = (
				4FC19352264E53500060E852 /* Common */,
				4FC19346264E524A0060E852 /* Modules */,
			);
			path = Classes;
			sourceTree = "<group>";
		};
		4FC19346264E524A0060E852 /* Modules */ = {
			isa = PBXGroup;
			children = (
				4FC1934A264E526A0060E852 /* Flickr Search */,
			);
			path = Modules;
			sourceTree = "<group>";
		};
		4FC1934A264E526A0060E852 /* Flickr Search */ = {
			isa = PBXGroup;
			children = (
				4FC19363264E66B20060E852 /* Cell */,
				4FC19358264E603F0060E852 /* PhotoSearchViewController.swift */,
				4FC1936C264E69F50060E852 /* PhotoSearchWireframe.swift */,
				4FC19371264E6AFF0060E852 /* PhotoSearchPresenter.swift */,
				4FC1937C264E6C0E0060E852 /* PhotoSearchProtocol.swift */,
				4FC19381264E70070060E852 /* PhotoSearchInteractor.swift */,
			);
			path = "Flickr Search";
			sourceTree = "<group>";
		};
		4FC19352264E53500060E852 /* Common */ = {
			isa = PBXGroup;
			children = (
				4FC19394264E73DF0060E852 /* Utility */,
				4FC1938B264E71080060E852 /* WebService */,
				4FC1933B264E51640060E852 /* Application Delegate */,
				4FC19356264E539D0060E852 /* Constant */,
				4FC19355264E53930060E852 /* Extension */,
				4FC19354264E53740060E852 /* Repositories */,
				4FC19353264E53670060E852 /* Models */,
			);
			path = Common;
			sourceTree = "<group>";
		};
		4FC19353264E53670060E852 /* Models */ = {
			isa = PBXGroup;
			children = (
			);
			path = Models;
			sourceTree = "<group>";
		};
		4FC19354264E53740060E852 /* Repositories */ = {
			isa = PBXGroup;
			children = (
				4FC19386264E70C90060E852 /* PhotoSearchRepository.swift */,
			);
			path = Repositories;
			sourceTree = "<group>";
		};
		4FC19355264E53930060E852 /* Extension */ = {
			isa = PBXGroup;
			children = (
			);
			path = Extension;
			sourceTree = "<group>";
		};
		4FC19356264E539D0060E852 /* Constant */ = {
			isa = PBXGroup;
			children = (
				4FC193A6264E7DAC0060E852 /* CellIdentifier.swift */,
			);
			path = Constant;
			sourceTree = "<group>";
		};
		4FC19363264E66B20060E852 /* Cell */ = {
			isa = PBXGroup;
			children = (
				4FC19364264E66E30060E852 /* PictureCell.swift */,
			);
			path = Cell;
			sourceTree = "<group>";
		};
		4FC1938B264E71080060E852 /* WebService */ = {
			isa = PBXGroup;
			children = (
				4FC1938C264E712F0060E852 /* WebService.swift */,
			);
			path = WebService;
			sourceTree = "<group>";
		};
		4FC19394264E73DF0060E852 /* Utility */ = {
			isa = PBXGroup;
			children = (
				4FC19395264E73F70060E852 /* Reachability.swift */,
			);
			path = Utility;
			sourceTree = "<group>";
		};
/* End PBXGroup section */

/* Begin PBXNativeTarget section */
		4FC19303264E47420060E852 /* FlickrSearch */ = {
			isa = PBXNativeTarget;
			buildConfigurationList = 4FC1932E264E47450060E852 /* Build configuration list for PBXNativeTarget "FlickrSearch" */;
			buildPhases = (
				4FC19300264E47420060E852 /* Sources */,
				4FC19301264E47420060E852 /* Frameworks */,
				4FC19302264E47420060E852 /* Resources */,
			);
			buildRules = (
			);
			dependencies = (
			);
			name = FlickrSearch;
			productName = FlickrSearch;
			productReference = 4FC19304264E47420060E852 /* FlickrSearch.app */;
			productType = "com.apple.product-type.application";
		};
		4FC19319264E47450060E852 /* FlickrSearchTests */ = {
			isa = PBXNativeTarget;
			buildConfigurationList = 4FC19331264E47450060E852 /* Build configuration list for PBXNativeTarget "FlickrSearchTests" */;
			buildPhases = (
				4FC19316264E47450060E852 /* Sources */,
				4FC19317264E47450060E852 /* Frameworks */,
				4FC19318264E47450060E852 /* Resources */,
			);
			buildRules = (
			);
			dependencies = (
				4FC1931C264E47450060E852 /* PBXTargetDependency */,
			);
			name = FlickrSearchTests;
			productName = FlickrSearchTests;
			productReference = 4FC1931A264E47450060E852 /* FlickrSearchTests.xctest */;
			productType = "com.apple.product-type.bundle.unit-test";
		};
		4FC19324264E47450060E852 /* FlickrSearchUITests */ = {
			isa = PBXNativeTarget;
			buildConfigurationList = 4FC19334264E47450060E852 /* Build configuration list for PBXNativeTarget "FlickrSearchUITests" */;
			buildPhases = (
				4FC19321264E47450060E852 /* Sources */,
				4FC19322264E47450060E852 /* Frameworks */,
				4FC19323264E47450060E852 /* Resources */,
			);
			buildRules = (
			);
			dependencies = (
				4FC19327264E47450060E852 /* PBXTargetDependency */,
			);
			name = FlickrSearchUITests;
			productName = FlickrSearchUITests;
			productReference = 4FC19325264E47450060E852 /* FlickrSearchUITests.xctest */;
			productType = "com.apple.product-type.bundle.ui-testing";
		};
/* End PBXNativeTarget section */

/* Begin PBXProject section */
		4FC192FC264E47420060E852 /* Project object */ = {
			isa = PBXProject;
			attributes = {
				LastSwiftUpdateCheck = 1220;
				LastUpgradeCheck = 1220;
				TargetAttributes = {
					4FC19303264E47420060E852 = {
						CreatedOnToolsVersion = 12.2;
					};
					4FC19319264E47450060E852 = {
						CreatedOnToolsVersion = 12.2;
						TestTargetID = 4FC19303264E47420060E852;
					};
					4FC19324264E47450060E852 = {
						CreatedOnToolsVersion = 12.2;
						TestTargetID = 4FC19303264E47420060E852;
					};
				};
			};
			buildConfigurationList = 4FC192FF264E47420060E852 /* Build configuration list for PBXProject "FlickrSearch" */;
			compatibilityVersion = "Xcode 9.3";
			developmentRegion = en;
			hasScannedForEncodings = 0;
			knownRegions = (
				en,
				Base,
			);
			mainGroup = 4FC192FB264E47420060E852;
			productRefGroup = 4FC19305264E47420060E852 /* Products */;
			projectDirPath = "";
			projectRoot = "";
			targets = (
				4FC19303264E47420060E852 /* FlickrSearch */,
				4FC19319264E47450060E852 /* FlickrSearchTests */,
				4FC19324264E47450060E852 /* FlickrSearchUITests */,
			);
		};
/* End PBXProject section */

/* Begin PBXResourcesBuildPhase section */
		4FC19302264E47420060E852 /* Resources */ = {
			isa = PBXResourcesBuildPhase;
			buildActionMask = 2147483647;
			files = (
				4FC19314264E47450060E852 /* LaunchScreen.storyboard in Resources */,
				4FC19311264E47450060E852 /* Assets.xcassets in Resources */,
			);
			runOnlyForDeploymentPostprocessing = 0;
		};
		4FC19318264E47450060E852 /* Resources */ = {
			isa = PBXResourcesBuildPhase;
			buildActionMask = 2147483647;
			files = (
			);
			runOnlyForDeploymentPostprocessing = 0;
		};
		4FC19323264E47450060E852 /* Resources */ = {
			isa = PBXResourcesBuildPhase;
			buildActionMask = 2147483647;
			files = (
			);
			runOnlyForDeploymentPostprocessing = 0;
		};
/* End PBXResourcesBuildPhase section */

/* Begin PBXSourcesBuildPhase section */
		4FC19300264E47420060E852 /* Sources */ = {
			isa = PBXSourcesBuildPhase;
			buildActionMask = 2147483647;
			files = (
				4FC1938D264E712F0060E852 /* WebService.swift in Sources */,
				4FC19396264E73F70060E852 /* Reachability.swift in Sources */,
				4FC19372264E6AFF0060E852 /* PhotoSearchPresenter.swift in Sources */,
				4FC19308264E47420060E852 /* AppDelegate.swift in Sources */,
				4FC19365264E66E30060E852 /* PictureCell.swift in Sources */,
				4FC1936D264E69F50060E852 /* PhotoSearchWireframe.swift in Sources */,
				4FC19359264E603F0060E852 /* PhotoSearchViewController.swift in Sources */,
				4FC19387264E70C90060E852 /* PhotoSearchRepository.swift in Sources */,
				4FC1937D264E6C0E0060E852 /* PhotoSearchProtocol.swift in Sources */,
				4FC19382264E70070060E852 /* PhotoSearchInteractor.swift in Sources */,
				4FC193A7264E7DAC0060E852 /* CellIdentifier.swift in Sources */,
				4FC1930A264E47420060E852 /* SceneDelegate.swift in Sources */,
			);
			runOnlyForDeploymentPostprocessing = 0;
		};
		4FC19316264E47450060E852 /* Sources */ = {
			isa = PBXSourcesBuildPhase;
			buildActionMask = 2147483647;
			files = (
				4FC1931F264E47450060E852 /* FlickrSearchTests.swift in Sources */,
			);
			runOnlyForDeploymentPostprocessing = 0;
		};
		4FC19321264E47450060E852 /* Sources */ = {
			isa = PBXSourcesBuildPhase;
			buildActionMask = 2147483647;
			files = (
				4FC1932A264E47450060E852 /* FlickrSearchUITests.swift in Sources */,
			);
			runOnlyForDeploymentPostprocessing = 0;
		};
/* End PBXSourcesBuildPhase section */

/* Begin PBXTargetDependency section */
		4FC1931C264E47450060E852 /* PBXTargetDependency */ = {
			isa = PBXTargetDependency;
			target = 4FC19303264E47420060E852 /* FlickrSearch */;
			targetProxy = 4FC1931B264E47450060E852 /* PBXContainerItemProxy */;
		};
		4FC19327264E47450060E852 /* PBXTargetDependency */ = {
			isa = PBXTargetDependency;
			target = 4FC19303264E47420060E852 /* FlickrSearch */;
			targetProxy = 4FC19326264E47450060E852 /* PBXContainerItemProxy */;
		};
/* End PBXTargetDependency section */

/* Begin PBXVariantGroup section */
		4FC19312264E47450060E852 /* LaunchScreen.storyboard */ = {
			isa = PBXVariantGroup;
			children = (
				4FC19313264E47450060E852 /* Base */,
			);
			name = LaunchScreen.storyboard;
			sourceTree = "<group>";
		};
/* End PBXVariantGroup section */

/* Begin XCBuildConfiguration section */
		4FC1932C264E47450060E852 /* Debug */ = {
			isa = XCBuildConfiguration;
			buildSettings = {
				ALWAYS_SEARCH_USER_PATHS = NO;
				CLANG_ANALYZER_NONNULL = YES;
				CLANG_ANALYZER_NUMBER_OBJECT_CONVERSION = YES_AGGRESSIVE;
				CLANG_CXX_LANGUAGE_STANDARD = "gnu++14";
				CLANG_CXX_LIBRARY = "libc++";
				CLANG_ENABLE_MODULES = YES;
				CLANG_ENABLE_OBJC_ARC = YES;
				CLANG_ENABLE_OBJC_WEAK = YES;
				CLANG_WARN_BLOCK_CAPTURE_AUTORELEASING = YES;
				CLANG_WARN_BOOL_CONVERSION = YES;
				CLANG_WARN_COMMA = YES;
				CLANG_WARN_CONSTANT_CONVERSION = YES;
				CLANG_WARN_DEPRECATED_OBJC_IMPLEMENTATIONS = YES;
				CLANG_WARN_DIRECT_OBJC_ISA_USAGE = YES_ERROR;
				CLANG_WARN_DOCUMENTATION_COMMENTS = YES;
				CLANG_WARN_EMPTY_BODY = YES;
				CLANG_WARN_ENUM_CONVERSION = YES;
				CLANG_WARN_INFINITE_RECURSION = YES;
				CLANG_WARN_INT_CONVERSION = YES;
				CLANG_WARN_NON_LITERAL_NULL_CONVERSION = YES;
				CLANG_WARN_OBJC_IMPLICIT_RETAIN_SELF = YES;
				CLANG_WARN_OBJC_LITERAL_CONVERSION = YES;
				CLANG_WARN_OBJC_ROOT_CLASS = YES_ERROR;
				CLANG_WARN_QUOTED_INCLUDE_IN_FRAMEWORK_HEADER = YES;
				CLANG_WARN_RANGE_LOOP_ANALYSIS = YES;
				CLANG_WARN_STRICT_PROTOTYPES = YES;
				CLANG_WARN_SUSPICIOUS_MOVE = YES;
				CLANG_WARN_UNGUARDED_AVAILABILITY = YES_AGGRESSIVE;
				CLANG_WARN_UNREACHABLE_CODE = YES;
				CLANG_WARN__DUPLICATE_METHOD_MATCH = YES;
				COPY_PHASE_STRIP = NO;
				DEBUG_INFORMATION_FORMAT = dwarf;
				ENABLE_STRICT_OBJC_MSGSEND = YES;
				ENABLE_TESTABILITY = YES;
				GCC_C_LANGUAGE_STANDARD = gnu11;
				GCC_DYNAMIC_NO_PIC = NO;
				GCC_NO_COMMON_BLOCKS = YES;
				GCC_OPTIMIZATION_LEVEL = 0;
				GCC_PREPROCESSOR_DEFINITIONS = (
					"DEBUG=1",
					"$(inherited)",
				);
				GCC_WARN_64_TO_32_BIT_CONVERSION = YES;
				GCC_WARN_ABOUT_RETURN_TYPE = YES_ERROR;
				GCC_WARN_UNDECLARED_SELECTOR = YES;
				GCC_WARN_UNINITIALIZED_AUTOS = YES_AGGRESSIVE;
				GCC_WARN_UNUSED_FUNCTION = YES;
				GCC_WARN_UNUSED_VARIABLE = YES;
				IPHONEOS_DEPLOYMENT_TARGET = 14.2;
				MTL_ENABLE_DEBUG_INFO = INCLUDE_SOURCE;
				MTL_FAST_MATH = YES;
				ONLY_ACTIVE_ARCH = YES;
				SDKROOT = iphoneos;
				SWIFT_ACTIVE_COMPILATION_CONDITIONS = DEBUG;
				SWIFT_OPTIMIZATION_LEVEL = "-Onone";
			};
			name = Debug;
		};
		4FC1932D264E47450060E852 /* Release */ = {
			isa = XCBuildConfiguration;
			buildSettings = {
				ALWAYS_SEARCH_USER_PATHS = NO;
				CLANG_ANALYZER_NONNULL = YES;
				CLANG_ANALYZER_NUMBER_OBJECT_CONVERSION = YES_AGGRESSIVE;
				CLANG_CXX_LANGUAGE_STANDARD = "gnu++14";
				CLANG_CXX_LIBRARY = "libc++";
				CLANG_ENABLE_MODULES = YES;
				CLANG_ENABLE_OBJC_ARC = YES;
				CLANG_ENABLE_OBJC_WEAK = YES;
				CLANG_WARN_BLOCK_CAPTURE_AUTORELEASING = YES;
				CLANG_WARN_BOOL_CONVERSION = YES;
				CLANG_WARN_COMMA = YES;
				CLANG_WARN_CONSTANT_CONVERSION = YES;
				CLANG_WARN_DEPRECATED_OBJC_IMPLEMENTATIONS = YES;
				CLANG_WARN_DIRECT_OBJC_ISA_USAGE = YES_ERROR;
				CLANG_WARN_DOCUMENTATION_COMMENTS = YES;
				CLANG_WARN_EMPTY_BODY = YES;
				CLANG_WARN_ENUM_CONVERSION = YES;
				CLANG_WARN_INFINITE_RECURSION = YES;
				CLANG_WARN_INT_CONVERSION = YES;
				CLANG_WARN_NON_LITERAL_NULL_CONVERSION = YES;
				CLANG_WARN_OBJC_IMPLICIT_RETAIN_SELF = YES;
				CLANG_WARN_OBJC_LITERAL_CONVERSION = YES;
				CLANG_WARN_OBJC_ROOT_CLASS = YES_ERROR;
				CLANG_WARN_QUOTED_INCLUDE_IN_FRAMEWORK_HEADER = YES;
				CLANG_WARN_RANGE_LOOP_ANALYSIS = YES;
				CLANG_WARN_STRICT_PROTOTYPES = YES;
				CLANG_WARN_SUSPICIOUS_MOVE = YES;
				CLANG_WARN_UNGUARDED_AVAILABILITY = YES_AGGRESSIVE;
				CLANG_WARN_UNREACHABLE_CODE = YES;
				CLANG_WARN__DUPLICATE_METHOD_MATCH = YES;
				COPY_PHASE_STRIP = NO;
				DEBUG_INFORMATION_FORMAT = "dwarf-with-dsym";
				ENABLE_NS_ASSERTIONS = NO;
				ENABLE_STRICT_OBJC_MSGSEND = YES;
				GCC_C_LANGUAGE_STANDARD = gnu11;
				GCC_NO_COMMON_BLOCKS = YES;
				GCC_WARN_64_TO_32_BIT_CONVERSION = YES;
				GCC_WARN_ABOUT_RETURN_TYPE = YES_ERROR;
				GCC_WARN_UNDECLARED_SELECTOR = YES;
				GCC_WARN_UNINITIALIZED_AUTOS = YES_AGGRESSIVE;
				GCC_WARN_UNUSED_FUNCTION = YES;
				GCC_WARN_UNUSED_VARIABLE = YES;
				IPHONEOS_DEPLOYMENT_TARGET = 14.2;
				MTL_ENABLE_DEBUG_INFO = NO;
				MTL_FAST_MATH = YES;
				SDKROOT = iphoneos;
				SWIFT_COMPILATION_MODE = wholemodule;
				SWIFT_OPTIMIZATION_LEVEL = "-O";
				VALIDATE_PRODUCT = YES;
			};
			name = Release;
		};
		4FC1932F264E47450060E852 /* Debug */ = {
			isa = XCBuildConfiguration;
			buildSettings = {
				ASSETCATALOG_COMPILER_APPICON_NAME = AppIcon;
				ASSETCATALOG_COMPILER_GLOBAL_ACCENT_COLOR_NAME = AccentColor;
				CODE_SIGN_STYLE = Automatic;
				INFOPLIST_FILE = FlickrSearch/Info.plist;
				LD_RUNPATH_SEARCH_PATHS = (
					"$(inherited)",
					"@executable_path/Frameworks",
				);
				PRODUCT_BUNDLE_IDENTIFIER = www.www.demo.FlickrSearch;
				PRODUCT_NAME = "$(TARGET_NAME)";
				SWIFT_VERSION = 5.0;
				TARGETED_DEVICE_FAMILY = "1,2";
			};
			name = Debug;
		};
		4FC19330264E47450060E852 /* Release */ = {
			isa = XCBuildConfiguration;
			buildSettings = {
				ASSETCATALOG_COMPILER_APPICON_NAME = AppIcon;
				ASSETCATALOG_COMPILER_GLOBAL_ACCENT_COLOR_NAME = AccentColor;
				CODE_SIGN_STYLE = Automatic;
				INFOPLIST_FILE = FlickrSearch/Info.plist;
				LD_RUNPATH_SEARCH_PATHS = (
					"$(inherited)",
					"@executable_path/Frameworks",
				);
				PRODUCT_BUNDLE_IDENTIFIER = www.www.demo.FlickrSearch;
				PRODUCT_NAME = "$(TARGET_NAME)";
				SWIFT_VERSION = 5.0;
				TARGETED_DEVICE_FAMILY = "1,2";
			};
			name = Release;
		};
		4FC19332264E47450060E852 /* Debug */ = {
			isa = XCBuildConfiguration;
			buildSettings = {
				ALWAYS_EMBED_SWIFT_STANDARD_LIBRARIES = YES;
				BUNDLE_LOADER = "$(TEST_HOST)";
				CODE_SIGN_STYLE = Automatic;
				INFOPLIST_FILE = FlickrSearchTests/Info.plist;
				IPHONEOS_DEPLOYMENT_TARGET = 14.2;
				LD_RUNPATH_SEARCH_PATHS = (
					"$(inherited)",
					"@executable_path/Frameworks",
					"@loader_path/Frameworks",
				);
				PRODUCT_BUNDLE_IDENTIFIER = www.www.demo.FlickrSearchTests;
				PRODUCT_NAME = "$(TARGET_NAME)";
				SWIFT_VERSION = 5.0;
				TARGETED_DEVICE_FAMILY = "1,2";
				TEST_HOST = "$(BUILT_PRODUCTS_DIR)/FlickrSearch.app/FlickrSearch";
			};
			name = Debug;
		};
		4FC19333264E47450060E852 /* Release */ = {
			isa = XCBuildConfiguration;
			buildSettings = {
				ALWAYS_EMBED_SWIFT_STANDARD_LIBRARIES = YES;
				BUNDLE_LOADER = "$(TEST_HOST)";
				CODE_SIGN_STYLE = Automatic;
				INFOPLIST_FILE = FlickrSearchTests/Info.plist;
				IPHONEOS_DEPLOYMENT_TARGET = 14.2;
				LD_RUNPATH_SEARCH_PATHS = (
					"$(inherited)",
					"@executable_path/Frameworks",
					"@loader_path/Frameworks",
				);
				PRODUCT_BUNDLE_IDENTIFIER = www.www.demo.FlickrSearchTests;
				PRODUCT_NAME = "$(TARGET_NAME)";
				SWIFT_VERSION = 5.0;
				TARGETED_DEVICE_FAMILY = "1,2";
				TEST_HOST = "$(BUILT_PRODUCTS_DIR)/FlickrSearch.app/FlickrSearch";
			};
			name = Release;
		};
		4FC19335264E47450060E852 /* Debug */ = {
			isa = XCBuildConfiguration;
			buildSettings = {
				ALWAYS_EMBED_SWIFT_STANDARD_LIBRARIES = YES;
				CODE_SIGN_STYLE = Automatic;
				INFOPLIST_FILE = FlickrSearchUITests/Info.plist;
				LD_RUNPATH_SEARCH_PATHS = (
					"$(inherited)",
					"@executable_path/Frameworks",
					"@loader_path/Frameworks",
				);
				PRODUCT_BUNDLE_IDENTIFIER = www.www.demo.FlickrSearchUITests;
				PRODUCT_NAME = "$(TARGET_NAME)";
				SWIFT_VERSION = 5.0;
				TARGETED_DEVICE_FAMILY = "1,2";
				TEST_TARGET_NAME = FlickrSearch;
			};
			name = Debug;
		};
		4FC19336264E47450060E852 /* Release */ = {
			isa = XCBuildConfiguration;
			buildSettings = {
				ALWAYS_EMBED_SWIFT_STANDARD_LIBRARIES = YES;
				CODE_SIGN_STYLE = Automatic;
				INFOPLIST_FILE = FlickrSearchUITests/Info.plist;
				LD_RUNPATH_SEARCH_PATHS = (
					"$(inherited)",
					"@executable_path/Frameworks",
					"@loader_path/Frameworks",
				);
				PRODUCT_BUNDLE_IDENTIFIER = www.www.demo.FlickrSearchUITests;
				PRODUCT_NAME = "$(TARGET_NAME)";
				SWIFT_VERSION = 5.0;
				TARGETED_DEVICE_FAMILY = "1,2";
				TEST_TARGET_NAME = FlickrSearch;
			};
			name = Release;
		};
/* End XCBuildConfiguration section */

/* Begin XCConfigurationList section */
		4FC192FF264E47420060E852 /* Build configuration list for PBXProject "FlickrSearch" */ = {
			isa = XCConfigurationList;
			buildConfigurations = (
				4FC1932C264E47450060E852 /* Debug */,
				4FC1932D264E47450060E852 /* Release */,
			);
			defaultConfigurationIsVisible = 0;
			defaultConfigurationName = Release;
		};
		4FC1932E264E47450060E852 /* Build configuration list for PBXNativeTarget "FlickrSearch" */ = {
			isa = XCConfigurationList;
			buildConfigurations = (
				4FC1932F264E47450060E852 /* Debug */,
				4FC19330264E47450060E852 /* Release */,
			);
			defaultConfigurationIsVisible = 0;
			defaultConfigurationName = Release;
		};
		4FC19331264E47450060E852 /* Build configuration list for PBXNativeTarget "FlickrSearchTests" */ = {
			isa = XCConfigurationList;
			buildConfigurations = (
				4FC19332264E47450060E852 /* Debug */,
				4FC19333264E47450060E852 /* Release */,
			);
			defaultConfigurationIsVisible = 0;
			defaultConfigurationName = Release;
		};
		4FC19334264E47450060E852 /* Build configuration list for PBXNativeTarget "FlickrSearchUITests" */ = {
			isa = XCConfigurationList;
			buildConfigurations = (
				4FC19335264E47450060E852 /* Debug */,
				4FC19336264E47450060E852 /* Release */,
			);
			defaultConfigurationIsVisible = 0;
			defaultConfigurationName = Release;
		};
/* End XCConfigurationList section */
	};
	rootObject = 4FC192FC264E47420060E852 /* Project object */;
}
